<?xml version="1.0" encoding="utf-8"?>
<Project ToolsVersion="4.0" xmlns="http://schemas.microsoft.com/developer/msbuild/2003">
  <ItemGroup>
    <Filter Include="Common">
      <UniqueIdentifier>{0bc27fa8-afac-4a02-8354-f8ac7e3056e0}</UniqueIdentifier>
    </Filter>
    <Filter Include="High Level Interface">
      <UniqueIdentifier>{ef2cc17f-dc8c-4713-acb5-11a43c435929}</UniqueIdentifier>
    </Filter>
    <Filter Include="Graphics">
      <UniqueIdentifier>{84407bf0-b431-49e7-b0cd-167e818415ab}</UniqueIdentifier>
    </Filter>
    <Filter Include="Common\Math">
      <UniqueIdentifier>{8f5edaa5-ad5d-423a-bc41-5e68a8621da5}</UniqueIdentifier>
    </Filter>
    <Filter Include="Resource">
      <UniqueIdentifier>{767d4264-e56a-430c-8c2d-f49d85c35b59}</UniqueIdentifier>
    </Filter>
    <Filter Include="Time">
      <UniqueIdentifier>{d5cea299-11de-49f8-9c0c-c110056dd303}</UniqueIdentifier>
    </Filter>
    <Filter Include="Input">
      <UniqueIdentifier>{cd4b9eba-c6cf-46a9-a814-89a620c95213}</UniqueIdentifier>
    </Filter>
    <Filter Include="Renderer">
      <UniqueIdentifier>{f2d38e5b-5248-43e0-b712-e484a165f414}</UniqueIdentifier>
    </Filter>
    <Filter Include="Scene">
      <UniqueIdentifier>{976687b1-0493-449e-87e3-f6bf27d49c71}</UniqueIdentifier>
    </Filter>
    <Filter Include="GameObject">
      <UniqueIdentifier>{68d11966-8044-4e2a-abef-cc0a1a1642f3}</UniqueIdentifier>
    </Filter>
    <Filter Include="Resource\Mesh">
      <UniqueIdentifier>{5ddde7d6-5dbf-4474-8ff2-f014eaefe47e}</UniqueIdentifier>
    </Filter>
    <Filter Include="Resource\Shader">
      <UniqueIdentifier>{f6d54454-faa4-4b11-8592-0408c79bef47}</UniqueIdentifier>
    </Filter>
    <Filter Include="Resource\Manager">
      <UniqueIdentifier>{566c056d-bc1c-4a66-9874-1eb8b38721ee}</UniqueIdentifier>
    </Filter>
    <Filter Include="Component">
      <UniqueIdentifier>{d54e1d46-871f-40f8-ad58-0a2d4ec246e6}</UniqueIdentifier>
    </Filter>
    <Filter Include="Resource\Material">
      <UniqueIdentifier>{b120460a-4944-428f-b9a0-e7253c288eab}</UniqueIdentifier>
    </Filter>
    <Filter Include="Resource\Texture">
      <UniqueIdentifier>{2e19c4b5-25ef-434b-bb7c-23ab21873a44}</UniqueIdentifier>
    </Filter>
    <Filter Include="Component\Script">
      <UniqueIdentifier>{5d1a9b1c-e367-41ff-827a-0670e743acf2}</UniqueIdentifier>
    </Filter>
    <Filter Include="Component\Transform">
      <UniqueIdentifier>{33646287-989c-4565-ad3c-77fa53030165}</UniqueIdentifier>
    </Filter>
    <Filter Include="Component\Renderer">
      <UniqueIdentifier>{6cbbc9fb-29a5-4e89-a66a-edbeee8d0a1a}</UniqueIdentifier>
    </Filter>
    <Filter Include="Component\Script\Contents">
      <UniqueIdentifier>{0c9e0d2f-bd3f-44cc-a073-834f8bdf9d93}</UniqueIdentifier>
    </Filter>
    <Filter Include="Component\Camera">
      <UniqueIdentifier>{d5d09f34-c98b-40e4-9959-3f7e7df27f01}</UniqueIdentifier>
    </Filter>
    <Filter Include="Resource\Script">
      <UniqueIdentifier>{bd5eb4ff-9f54-4ada-b23b-dd4130c98faf}</UniqueIdentifier>
    </Filter>
    <Filter Include="Scene\Base">
      <UniqueIdentifier>{2bf45b05-0f71-4108-ade3-0f445677916d}</UniqueIdentifier>
    </Filter>
    <Filter Include="Scene\Layer">
      <UniqueIdentifier>{1e71bc42-a7cc-46d6-9577-a9d25d0f359c}</UniqueIdentifier>
    </Filter>
    <Filter Include="Scene\Manager">
      <UniqueIdentifier>{ed02c5d8-b13c-4afe-85b6-3e56a722014f}</UniqueIdentifier>
    </Filter>
    <Filter Include="Component\Collider">
      <UniqueIdentifier>{92b865c2-1040-44bb-9ddb-b9ebff3bccbe}</UniqueIdentifier>
    </Filter>
    <Filter Include="Resource\Prefab">
      <UniqueIdentifier>{b366b499-a62e-4505-9f52-19a691c5fba5}</UniqueIdentifier>
    </Filter>
    <Filter Include="Component\Collider\Manager">
      <UniqueIdentifier>{0347b04d-368f-41d2-b90e-b1a726c5fc71}</UniqueIdentifier>
    </Filter>
    <Filter Include="Component\Collider\2D">
      <UniqueIdentifier>{51ad1f08-b1a8-4cce-a84d-49b9b06e11a9}</UniqueIdentifier>
    </Filter>
    <Filter Include="Component\Collider\3D">
      <UniqueIdentifier>{6b267699-3830-4c57-89d0-68c916e6fb9a}</UniqueIdentifier>
    </Filter>
  </ItemGroup>
  <ItemGroup>
    <ClCompile Include="yaApplication.cpp">
      <Filter>High Level Interface</Filter>
    </ClCompile>
    <ClCompile Include="yaGraphicDevice_DX11.cpp">
      <Filter>Graphics</Filter>
    </ClCompile>
    <ClCompile Include="yaMath.cpp">
      <Filter>Common\Math</Filter>
    </ClCompile>
    <ClCompile Include="yaTime.cpp">
      <Filter>Time</Filter>
    </ClCompile>
    <ClCompile Include="yaInput.cpp">
      <Filter>Input</Filter>
    </ClCompile>
    <ClCompile Include="yaEntity.cpp">
      <Filter>Common</Filter>
    </ClCompile>
    <ClCompile Include="yaResource.cpp">
      <Filter>Resource</Filter>
    </ClCompile>
    <ClCompile Include="yaRenderer.cpp">
      <Filter>Renderer</Filter>
    </ClCompile>
    <ClCompile Include="yaGameObject.cpp">
      <Filter>GameObject</Filter>
    </ClCompile>
    <ClCompile Include="yaMesh.cpp">
      <Filter>Resource\Mesh</Filter>
    </ClCompile>
    <ClCompile Include="yaShader.cpp">
      <Filter>Resource\Shader</Filter>
    </ClCompile>
    <ClCompile Include="yaResources.cpp">
      <Filter>Resource\Manager</Filter>
    </ClCompile>
    <ClCompile Include="yaComponent.cpp">
      <Filter>Component</Filter>
    </ClCompile>
    <ClCompile Include="yaMaterial.cpp">
      <Filter>Resource\Material</Filter>
    </ClCompile>
    <ClCompile Include="yaTexture.cpp">
      <Filter>Resource\Texture</Filter>
    </ClCompile>
    <ClCompile Include="yaScript.cpp">
      <Filter>Component\Script</Filter>
    </ClCompile>
    <ClCompile Include="yaTransform.cpp">
      <Filter>Component\Transform</Filter>
    </ClCompile>
    <ClCompile Include="yaMeshRenderer.cpp">
      <Filter>Component\Renderer</Filter>
    </ClCompile>
    <ClCompile Include="yaPlayerScript.cpp">
      <Filter>Component\Script\Contents</Filter>
    </ClCompile>
    <ClCompile Include="yaCamera.cpp">
      <Filter>Component\Camera</Filter>
    </ClCompile>
    <ClCompile Include="yaCameraScript.cpp">
      <Filter>Component\Script</Filter>
    </ClCompile>
    <ClCompile Include="yaSpriteRenderer.cpp">
      <Filter>Component\Renderer</Filter>
    </ClCompile>
    <ClCompile Include="yaBaseRenderer.cpp">
      <Filter>Renderer</Filter>
    </ClCompile>
    <ClCompile Include="yaConstantBuffer.cpp">
      <Filter>Graphics</Filter>
    </ClCompile>
    <ClCompile Include="yaGridScript.cpp">
      <Filter>Resource\Script</Filter>
    </ClCompile>
    <ClCompile Include="yaPlayScene.cpp">
      <Filter>Scene</Filter>
    </ClCompile>
    <ClCompile Include="yaTitleScene.cpp">
      <Filter>Scene</Filter>
    </ClCompile>
    <ClCompile Include="yaLayer.cpp">
      <Filter>Scene\Layer</Filter>
    </ClCompile>
    <ClCompile Include="yaScene.cpp">
      <Filter>Scene\Base</Filter>
    </ClCompile>
    <ClCompile Include="yaSceneManager.cpp">
      <Filter>Scene\Manager</Filter>
    </ClCompile>
    <ClCompile Include="yaCollisionManager.cpp">
      <Filter>Component\Collider\Manager</Filter>
    </ClCompile>
    <ClCompile Include="yaPrefab.cpp">
      <Filter>Resource\Prefab</Filter>
    </ClCompile>
    <ClCompile Include="yaCollider2D.cpp">
      <Filter>Component\Collider\2D</Filter>
    </ClCompile>
    <ClCompile Include="yaCollider3D.cpp">
      <Filter>Component\Collider\3D</Filter>
    </ClCompile>
    <ClCompile Include="yaCollider.cpp">
      <Filter>Component\Collider</Filter>
    </ClCompile>
    <ClCompile Include="yaPlayer.cpp">
      <Filter>Component\Script\Contents</Filter>
    </ClCompile>
    <ClCompile Include="yaMonster.cpp">
      <Filter>Component\Script\Contents</Filter>
    </ClCompile>
  </ItemGroup>
  <ItemGroup>
    <ClInclude Include="CommonInclude.h">
      <Filter>Common</Filter>
    </ClInclude>
    <ClInclude Include="yaApplication.h">
      <Filter>High Level Interface</Filter>
    </ClInclude>
    <ClInclude Include="yaGraphicDevice_DX11.h">
      <Filter>Graphics</Filter>
    </ClInclude>
    <ClInclude Include="yaMath.h">
      <Filter>Common\Math</Filter>
    </ClInclude>
    <ClInclude Include="yaTime.h">
      <Filter>Time</Filter>
    </ClInclude>
    <ClInclude Include="yaInput.h">
      <Filter>Input</Filter>
    </ClInclude>
    <ClInclude Include="yaEntity.h">
      <Filter>Common</Filter>
    </ClInclude>
    <ClInclude Include="yaResource.h">
      <Filter>Resource</Filter>
    </ClInclude>
    <ClInclude Include="yaGraphics.h">
      <Filter>Graphics</Filter>
    </ClInclude>
    <ClInclude Include="yaEngine.h">
      <Filter>Common</Filter>
    </ClInclude>
    <ClInclude Include="yaEnums.h">
      <Filter>Common</Filter>
    </ClInclude>
    <ClInclude Include="yaRenderer.h">
      <Filter>Renderer</Filter>
    </ClInclude>
    <ClInclude Include="yaGameObject.h">
      <Filter>GameObject</Filter>
    </ClInclude>
    <ClInclude Include="yaMesh.h">
      <Filter>Resource\Mesh</Filter>
    </ClInclude>
    <ClInclude Include="yaShader.h">
      <Filter>Resource\Shader</Filter>
    </ClInclude>
    <ClInclude Include="yaResources.h">
      <Filter>Resource\Manager</Filter>
    </ClInclude>
    <ClInclude Include="yaComponent.h">
      <Filter>Component</Filter>
    </ClInclude>
    <ClInclude Include="yaMaterial.h">
      <Filter>Resource\Material</Filter>
    </ClInclude>
    <ClInclude Include="yaTexture.h">
      <Filter>Resource\Texture</Filter>
    </ClInclude>
    <ClInclude Include="yaScript.h">
      <Filter>Component\Script</Filter>
    </ClInclude>
    <ClInclude Include="yaTransform.h">
      <Filter>Component\Transform</Filter>
    </ClInclude>
    <ClInclude Include="yaMeshRenderer.h">
      <Filter>Component\Renderer</Filter>
    </ClInclude>
    <ClInclude Include="yaPlayerScript.h">
      <Filter>Component\Script\Contents</Filter>
    </ClInclude>
    <ClInclude Include="yaCamera.h">
      <Filter>Component\Camera</Filter>
    </ClInclude>
    <ClInclude Include="yaCameraScript.h">
      <Filter>Component\Script</Filter>
    </ClInclude>
    <ClInclude Include="yaSpriteRenderer.h">
      <Filter>Component\Renderer</Filter>
    </ClInclude>
    <ClInclude Include="yaObject.h">
      <Filter>GameObject</Filter>
    </ClInclude>
    <ClInclude Include="yaBaseRenderer.h">
      <Filter>Renderer</Filter>
    </ClInclude>
    <ClInclude Include="yaConstantBuffer.h">
      <Filter>Graphics</Filter>
    </ClInclude>
    <ClInclude Include="yaGridScript.h">
      <Filter>Resource\Script</Filter>
    </ClInclude>
    <ClInclude Include="yaTitleScene.h">
      <Filter>Scene</Filter>
    </ClInclude>
    <ClInclude Include="yaPlayScene.h">
      <Filter>Scene</Filter>
    </ClInclude>
    <ClInclude Include="yaLayer.h">
      <Filter>Scene\Layer</Filter>
    </ClInclude>
    <ClInclude Include="yaScene.h">
      <Filter>Scene\Base</Filter>
    </ClInclude>
    <ClInclude Include="yaSceneManager.h">
      <Filter>Scene\Manager</Filter>
    </ClInclude>
    <ClInclude Include="yaCollisionManager.h">
      <Filter>Component\Collider\Manager</Filter>
    </ClInclude>
    <ClInclude Include="yaPrefab.h">
      <Filter>Resource\Prefab</Filter>
    </ClInclude>
    <ClInclude Include="yaCollider2D.h">
      <Filter>Component\Collider\2D</Filter>
    </ClInclude>
    <ClInclude Include="yaCollider3D.h">
      <Filter>Component\Collider\3D</Filter>
    </ClInclude>
    <ClInclude Include="yaCollider.h">
      <Filter>Component\Collider</Filter>
    </ClInclude>
    <ClInclude Include="yaPlayer.h">
      <Filter>Component\Script\Contents</Filter>
    </ClInclude>
    <ClInclude Include="yaMonster.h">
      <Filter>Component\Script\Contents</Filter>
    </ClInclude>
  </ItemGroup>
  <ItemGroup>
    <None Include="yaMath.inl">
      <Filter>Common\Math</Filter>
    </None>
  </ItemGroup>
</Project>